
Microsoft Visual Studio Solution File, Format Version 12.00
# Visual Studio Version 17
VisualStudioVersion = 17.5.33530.505
MinimumVisualStudioVersion = 10.0.40219.1
Project("{9A19103F-16F7-4668-BE54-9A1E7A4F7556}") = "bytebank_adm", "bytebank_adm.csproj", "{43F9E8C5-EB68-4FB5-AD4B-40EDF2AE7692}"
EndProject
Project("{9A19103F-16F7-4668-BE54-9A1E7A4F7556}") = "matematica", "..\Matematica\matematica.csproj", "{CA11AB5F-E918-49AA-8C14-B1CF4BDAFAD6}"
EndProject
Project("{FAE04EC0-301F-11D3-BF4B-00C04F79EFBC}") = "Biblioteca", "..\Biblioteca\Biblioteca.csproj", "{2A7BA703-50AD-4372-B8C7-3E5EF7464BBB}"
EndProject
Global
	GlobalSection(SolutionConfigurationPlatforms) = preSolution
		Debug|Any CPU = Debug|Any CPU
		Release|Any CPU = Release|Any CPU
	EndGlobalSection
	GlobalSection(ProjectConfigurationPlatforms) = postSolution
		{43F9E8C5-EB68-4FB5-AD4B-40EDF2AE7692}.Debug|Any CPU.ActiveCfg = Debug|Any CPU
		{43F9E8C5-EB68-4FB5-AD4B-40EDF2AE7692}.Debug|Any CPU.Build.0 = Debug|Any CPU
		{43F9E8C5-EB68-4FB5-AD4B-40EDF2AE7692}.Release|Any CPU.ActiveCfg = Release|Any CPU
		{43F9E8C5-EB68-4FB5-AD4B-40EDF2AE7692}.Release|Any CPU.Build.0 = Release|Any CPU
		{CA11AB5F-E918-49AA-8C14-B1CF4BDAFAD6}.Debug|Any CPU.ActiveCfg = Debug|Any CPU
		{CA11AB5F-E918-49AA-8C14-B1CF4BDAFAD6}.Debug|Any CPU.Build.0 = Debug|Any CPU
		{CA11AB5F-E918-49AA-8C14-B1CF4BDAFAD6}.Release|Any CPU.ActiveCfg = Release|Any CPU
		{CA11AB5F-E918-49AA-8C14-B1CF4BDAFAD6}.Release|Any CPU.Build.0 = Release|Any CPU
		{2A7BA703-50AD-4372-B8C7-3E5EF7464BBB}.Debug|Any CPU.ActiveCfg = Debug|Any CPU
		{2A7BA703-50AD-4372-B8C7-3E5EF7464BBB}.Debug|Any CPU.Build.0 = Debug|Any CPU
		{2A7BA703-50AD-4372-B8C7-3E5EF7464BBB}.Release|Any CPU.ActiveCfg = Release|Any CPU
		{2A7BA703-50AD-4372-B8C7-3E5EF7464BBB}.Release|Any CPU.Build.0 = Release|Any CPU
	EndGlobalSection
	GlobalSection(SolutionProperties) = preSolution
		HideSolutionNode = FALSE
	EndGlobalSection
	GlobalSection(ExtensibilityGlobals) = postSolution
		SolutionGuid = {ACCCE8BB-804B-4DF2-8532-8928FDAC30E5}
	EndGlobalSection
EndGlobal
